{
  "name": "train",
  "lockfileVersion": 3,
  "requires": true,
  "packages": {
    "": {
      "dependencies": {
        "pinyin-pro": "^3.22.2"
      }
    },
    "node_modules/pinyin-pro": {
      "version": "3.22.2",
      "resolved": "https://registry.npmmirror.com/pinyin-pro/-/pinyin-pro-3.22.2.tgz",
      "integrity": "sha512-GzFpjBKrgKLo1Y2OWjHdMMp8bzHJsH7tOhYN8TPcYHaVsChaPZWDrWfrVaJJ3XeRA40NPiw6d2v2O+Zfou6Xyw=="
    }
  }
}
